
Microsoft Visual Studio Solution File, Format Version 12.00
# Visual Studio 14
VisualStudioVersion = 14.0.25420.1
MinimumVisualStudioVersion = 10.0.40219.1
Project("{FAE04EC0-301F-11D3-BF4B-00C04F79EFBC}") = "SmvInterceptorWrapper", "SmvInterceptorWrapper\SmvInterceptorWrapper.csproj", "{8F9EA492-E86B-4F1C-ADC5-BF407466F448}"
EndProject
Project("{FAE04EC0-301F-11D3-BF4B-00C04F79EFBC}") = "SmvLibrary", "SMVLibrary\SmvLibrary.csproj", "{E03DC0DF-84CC-420C-91B1-2A937E88FF31}"
	ProjectSection(ProjectDependencies) = postProject
		{6F655D35-3867-4351-8929-23B4578E5190} = {6F655D35-3867-4351-8929-23B4578E5190}
	EndProjectSection
EndProject
Project("{FAE04EC0-301F-11D3-BF4B-00C04F79EFBC}") = "SmvActionsTable", "SMVActionsTable\SmvActionsTable.csproj", "{6F655D35-3867-4351-8929-23B4578E5190}"
EndProject
Project("{FAE04EC0-301F-11D3-BF4B-00C04F79EFBC}") = "SmvCloudWorker", "SmvCloudWorker\SmvCloudWorker.csproj", "{00D32586-D675-4EF4-B4F3-06DC45BBF079}"
EndProject
Project("{FAE04EC0-301F-11D3-BF4B-00C04F79EFBC}") = "SmvLineCounter", "SmvLineCounter\SmvLineCounter.csproj", "{4D4F3A7B-1E75-4904-9AD1-E5EC730981ED}"
EndProject
Project("{FAE04EC0-301F-11D3-BF4B-00C04F79EFBC}") = "SmvInterceptor", "SmvInterceptor\SmvInterceptor.csproj", "{2422E37E-3DC7-4B6C-8246-317AB656D788}"
EndProject
Project("{CC5FD16D-436D-48AD-A40C-5A424C6E3E79}") = "SmvService", "SmvService\SmvService.ccproj", "{18237F03-4135-43C4-BB8D-DDBD0C8C5763}"
EndProject
Project("{FAE04EC0-301F-11D3-BF4B-00C04F79EFBC}") = "StaticModuleVerifier", "StaticModuleVerifier\StaticModuleVerifier.csproj", "{E016F57D-68E9-48F9-ABCE-B0C3D7714C84}"
EndProject
Project("{FAE04EC0-301F-11D3-BF4B-00C04F79EFBC}") = "SmvAutomation", "SmvAutomation\SmvAutomation.csproj", "{8C30CB1C-2006-41ED-AAD7-FB652B8060D2}"
EndProject
Project("{FAE04EC0-301F-11D3-BF4B-00C04F79EFBC}") = "SmvDb", "SmvDb\SmvDb.csproj", "{CAD1E044-FE00-47E4-BF63-EE943A653833}"
EndProject
Project("{FAE04EC0-301F-11D3-BF4B-00C04F79EFBC}") = "SmvCmdlets", "SmvCmdlets\SmvCmdlets.csproj", "{4BD5EB2A-3F7B-4AD7-9C1D-5861105715AE}"
EndProject
Global
	GlobalSection(SolutionConfigurationPlatforms) = preSolution
		Debug|Any CPU = Debug|Any CPU
		Release|Any CPU = Release|Any CPU
	EndGlobalSection
	GlobalSection(ProjectConfigurationPlatforms) = postSolution
		{8F9EA492-E86B-4F1C-ADC5-BF407466F448}.Debug|Any CPU.ActiveCfg = Debug|Any CPU
		{8F9EA492-E86B-4F1C-ADC5-BF407466F448}.Debug|Any CPU.Build.0 = Debug|Any CPU
		{8F9EA492-E86B-4F1C-ADC5-BF407466F448}.Release|Any CPU.ActiveCfg = Release|Any CPU
		{8F9EA492-E86B-4F1C-ADC5-BF407466F448}.Release|Any CPU.Build.0 = Release|Any CPU
		{E03DC0DF-84CC-420C-91B1-2A937E88FF31}.Debug|Any CPU.ActiveCfg = Debug|Any CPU
		{E03DC0DF-84CC-420C-91B1-2A937E88FF31}.Debug|Any CPU.Build.0 = Debug|Any CPU
		{E03DC0DF-84CC-420C-91B1-2A937E88FF31}.Release|Any CPU.ActiveCfg = Release|Any CPU
		{E03DC0DF-84CC-420C-91B1-2A937E88FF31}.Release|Any CPU.Build.0 = Release|Any CPU
		{6F655D35-3867-4351-8929-23B4578E5190}.Debug|Any CPU.ActiveCfg = Debug|Any CPU
		{6F655D35-3867-4351-8929-23B4578E5190}.Debug|Any CPU.Build.0 = Debug|Any CPU
		{6F655D35-3867-4351-8929-23B4578E5190}.Release|Any CPU.ActiveCfg = Release|Any CPU
		{6F655D35-3867-4351-8929-23B4578E5190}.Release|Any CPU.Build.0 = Release|Any CPU
		{00D32586-D675-4EF4-B4F3-06DC45BBF079}.Debug|Any CPU.ActiveCfg = Debug|Any CPU
		{00D32586-D675-4EF4-B4F3-06DC45BBF079}.Debug|Any CPU.Build.0 = Debug|Any CPU
		{00D32586-D675-4EF4-B4F3-06DC45BBF079}.Release|Any CPU.ActiveCfg = Release|Any CPU
		{00D32586-D675-4EF4-B4F3-06DC45BBF079}.Release|Any CPU.Build.0 = Release|Any CPU
		{4D4F3A7B-1E75-4904-9AD1-E5EC730981ED}.Debug|Any CPU.ActiveCfg = Debug|Any CPU
		{4D4F3A7B-1E75-4904-9AD1-E5EC730981ED}.Debug|Any CPU.Build.0 = Debug|Any CPU
		{4D4F3A7B-1E75-4904-9AD1-E5EC730981ED}.Release|Any CPU.ActiveCfg = Release|Any CPU
		{4D4F3A7B-1E75-4904-9AD1-E5EC730981ED}.Release|Any CPU.Build.0 = Release|Any CPU
		{2422E37E-3DC7-4B6C-8246-317AB656D788}.Debug|Any CPU.ActiveCfg = Debug|Any CPU
		{2422E37E-3DC7-4B6C-8246-317AB656D788}.Debug|Any CPU.Build.0 = Debug|Any CPU
		{2422E37E-3DC7-4B6C-8246-317AB656D788}.Release|Any CPU.ActiveCfg = Release|Any CPU
		{2422E37E-3DC7-4B6C-8246-317AB656D788}.Release|Any CPU.Build.0 = Release|Any CPU
		{18237F03-4135-43C4-BB8D-DDBD0C8C5763}.Debug|Any CPU.ActiveCfg = Debug|Any CPU
		{18237F03-4135-43C4-BB8D-DDBD0C8C5763}.Debug|Any CPU.Build.0 = Debug|Any CPU
		{18237F03-4135-43C4-BB8D-DDBD0C8C5763}.Release|Any CPU.ActiveCfg = Release|Any CPU
		{18237F03-4135-43C4-BB8D-DDBD0C8C5763}.Release|Any CPU.Build.0 = Release|Any CPU
		{E016F57D-68E9-48F9-ABCE-B0C3D7714C84}.Debug|Any CPU.ActiveCfg = Debug|Any CPU
		{E016F57D-68E9-48F9-ABCE-B0C3D7714C84}.Debug|Any CPU.Build.0 = Debug|Any CPU
		{E016F57D-68E9-48F9-ABCE-B0C3D7714C84}.Release|Any CPU.ActiveCfg = Release|Any CPU
		{E016F57D-68E9-48F9-ABCE-B0C3D7714C84}.Release|Any CPU.Build.0 = Release|Any CPU
		{8C30CB1C-2006-41ED-AAD7-FB652B8060D2}.Debug|Any CPU.ActiveCfg = Debug|Any CPU
		{8C30CB1C-2006-41ED-AAD7-FB652B8060D2}.Debug|Any CPU.Build.0 = Debug|Any CPU
		{8C30CB1C-2006-41ED-AAD7-FB652B8060D2}.Release|Any CPU.ActiveCfg = Release|Any CPU
		{8C30CB1C-2006-41ED-AAD7-FB652B8060D2}.Release|Any CPU.Build.0 = Release|Any CPU
		{CAD1E044-FE00-47E4-BF63-EE943A653833}.Debug|Any CPU.ActiveCfg = Debug|Any CPU
		{CAD1E044-FE00-47E4-BF63-EE943A653833}.Debug|Any CPU.Build.0 = Debug|Any CPU
		{CAD1E044-FE00-47E4-BF63-EE943A653833}.Release|Any CPU.ActiveCfg = Release|Any CPU
		{CAD1E044-FE00-47E4-BF63-EE943A653833}.Release|Any CPU.Build.0 = Release|Any CPU
		{4BD5EB2A-3F7B-4AD7-9C1D-5861105715AE}.Debug|Any CPU.ActiveCfg = Debug|Any CPU
		{4BD5EB2A-3F7B-4AD7-9C1D-5861105715AE}.Debug|Any CPU.Build.0 = Debug|Any CPU
		{4BD5EB2A-3F7B-4AD7-9C1D-5861105715AE}.Release|Any CPU.ActiveCfg = Release|Any CPU
		{4BD5EB2A-3F7B-4AD7-9C1D-5861105715AE}.Release|Any CPU.Build.0 = Release|Any CPU
	EndGlobalSection
	GlobalSection(SolutionProperties) = preSolution
		HideSolutionNode = FALSE
	EndGlobalSection
EndGlobal
